// !$*UTF8*$!
{
	archiveVersion = 1;
	classes = {
	};
	objectVersion = 50;
	objects = {

/* Begin PBXBuildFile section */
		764758AC26B7FF9E0022773F /* Countdown_macOSApp.swift in Sources */ = {isa = PBXBuildFile; fileRef = 764758AB26B7FF9E0022773F /* Countdown_macOSApp.swift */; };
		764758AE26B7FF9E0022773F /* ContentView.swift in Sources */ = {isa = PBXBuildFile; fileRef = 764758AD26B7FF9E0022773F /* ContentView.swift */; };
		764758B026B7FF9E0022773F /* Assets.xcassets in Resources */ = {isa = PBXBuildFile; fileRef = 764758AF26B7FF9E0022773F /* Assets.xcassets */; };
		764758B326B7FF9E0022773F /* Preview Assets.xcassets in Resources */ = {isa = PBXBuildFile; fileRef = 764758B226B7FF9E0022773F /* Preview Assets.xcassets */; };
		764758BC26B7FFFB0022773F /* September1st.swift in Sources */ = {isa = PBXBuildFile; fileRef = 764758BB26B7FFFB0022773F /* September1st.swift */; };
		764758BE26B813B00022773F /* ObjectModel.swift in Sources */ = {isa = PBXBuildFile; fileRef = 764758BD26B813B00022773F /* ObjectModel.swift */; };
/* End PBXBuildFile section */

/* Begin PBXFileReference section */
		764758A826B7FF9E0022773F /* Countdown-macOS.app */ = {isa = PBXFileReference; explicitFileType = wrapper.application; includeInIndex = 0; path = "Countdown-macOS.app"; sourceTree = BUILT_PRODUCTS_DIR; };
		764758AB26B7FF9E0022773F /* Countdown_macOSApp.swift */ = {isa = PBXFileReference; lastKnownFileType = sourcecode.swift; path = Countdown_macOSApp.swift; sourceTree = "<group>"; };
		764758AD26B7FF9E0022773F /* ContentView.swift */ = {isa = PBXFileReference; lastKnownFileType = sourcecode.swift; path = ContentView.swift; sourceTree = "<group>"; };
		764758AF26B7FF9E0022773F /* Assets.xcassets */ = {isa = PBXFileReference; lastKnownFileType = folder.assetcatalog; path = Assets.xcassets; sourceTree = "<group>"; };
		764758B226B7FF9E0022773F /* Preview Assets.xcassets */ = {isa = PBXFileReference; lastKnownFileType = folder.assetcatalog; path = "Preview Assets.xcassets"; sourceTree = "<group>"; };
		764758B426B7FF9E0022773F /* Info.plist */ = {isa = PBXFileReference; lastKnownFileType = text.plist.xml; path = Info.plist; sourceTree = "<group>"; };
		764758B526B7FF9E0022773F /* Countdown_macOS.entitlements */ = {isa = PBXFileReference; lastKnownFileType = text.plist.entitlements; path = Countdown_macOS.entitlements; sourceTree = "<group>"; };
		764758BB26B7FFFB0022773F /* September1st.swift */ = {isa = PBXFileReference; lastKnownFileType = sourcecode.swift; path = September1st.swift; sourceTree = "<group>"; };
		764758BD26B813B00022773F /* ObjectModel.swift */ = {isa = PBXFileReference; lastKnownFileType = sourcecode.swift; path = ObjectModel.swift; sourceTree = "<group>"; };
/* End PBXFileReference section */

/* Begin PBXFrameworksBuildPhase section */
		764758A526B7FF9E0022773F /* Frameworks */ = {
			isa = PBXFrameworksBuildPhase;
			buildActionMask = 2147483647;
			files = (
			);
			runOnlyForDeploymentPostprocessing = 0;
		};
/* End PBXFrameworksBuildPhase section */

/* Begin PBXGroup section */
		7647589F26B7FF9E0022773F = {
			isa = PBXGroup;
			children = (
				764758AA26B7FF9E0022773F /* Countdown-macOS */,
				764758A926B7FF9E0022773F /* Products */,
			);
			sourceTree = "<group>";
		};
		764758A926B7FF9E0022773F /* Products */ = {
			isa = PBXGroup;
			children = (
				764758A826B7FF9E0022773F /* Countdown-macOS.app */,
			);
			name = Products;
			sourceTree = "<group>";
		};
		764758AA26B7FF9E0022773F /* Countdown-macOS */ = {
			isa = PBXGroup;
			children = (
				764758BD26B813B00022773F /* ObjectModel.swift */,
				764758AB26B7FF9E0022773F /* Countdown_macOSApp.swift */,
				764758AD26B7FF9E0022773F /* ContentView.swift */,
				764758BB26B7FFFB0022773F /* September1st.swift */,
				764758AF26B7FF9E0022773F /* Assets.xcassets */,
				764758B426B7FF9E0022773F /* Info.plist */,
				764758B526B7FF9E0022773F /* Countdown_macOS.entitlements */,
				764758B126B7FF9E0022773F /* Preview Content */,
			);
			path = "Countdown-macOS";
			sourceTree = "<group>";
		};
		764758B126B7FF9E0022773F /* Preview Content */ = {
			isa = PBXGroup;
			children = (
				764758B226B7FF9E0022773F /* Preview Assets.xcassets */,
			);
			path = "Preview Content";
			sourceTree = "<group>";
		};
/* End PBXGroup section */

/* Begin PBXNativeTarget section */
		764758A726B7FF9E0022773F /* Countdown-macOS */ = {
			isa = PBXNativeTarget;
			buildConfigurationList = 764758B826B7FF9E0022773F /* Build configuration list for PBXNativeTarget "Countdown-macOS" */;
			buildPhases = (
				764758A426B7FF9E0022773F /* Sources */,
				764758A526B7FF9E0022773F /* Frameworks */,
				764758A626B7FF9E0022773F /* Resources */,
			);
			buildRules = (
			);
			dependencies = (
			);
			name = "Countdown-macOS";
			productName = "Countdown-macOS";
			productReference = 764758A826B7FF9E0022773F /* Countdown-macOS.app */;
			productType = "com.apple.product-type.application";
		};
/* End PBXNativeTarget section */

/* Begin PBXProject section */
		764758A026B7FF9E0022773F /* Project object */ = {
			isa = PBXProject;
			attributes = {
				LastSwiftUpdateCheck = 1250;
				LastUpgradeCheck = 1250;
				TargetAttributes = {
					764758A726B7FF9E0022773F = {
						CreatedOnToolsVersion = 12.5.1;
					};
				};
			};
			buildConfigurationList = 764758A326B7FF9E0022773F /* Build configuration list for PBXProject "Countdown-macOS" */;
			compatibilityVersion = "Xcode 9.3";
			developmentRegion = en;
			hasScannedForEncodings = 0;
			knownRegions = (
				en,
				Base,
			);
			mainGroup = 7647589F26B7FF9E0022773F;
			productRefGroup = 764758A926B7FF9E0022773F /* Products */;
			projectDirPath = "";
			projectRoot = "";
			targets = (
				764758A726B7FF9E0022773F /* Countdown-macOS */,
			);
		};
/* End PBXProject section */

/* Begin PBXResourcesBuildPhase section */
		764758A626B7FF9E0022773F /* Resources */ = {
			isa = PBXResourcesBuildPhase;
			buildActionMask = 2147483647;
			files = (
				764758B326B7FF9E0022773F /* Preview Assets.xcassets in Resources */,
				764758B026B7FF9E0022773F /* Assets.xcassets in Resources */,
			);
			runOnlyForDeploymentPostprocessing = 0;
		};
/* End PBXResourcesBuildPhase section */

/* Begin PBXSourcesBuildPhase section */
		764758A426B7FF9E0022773F /* Sources */ = {
			isa = PBXSourcesBuildPhase;
			buildActionMask = 2147483647;
			files = (
				764758BE26B813B00022773F /* ObjectModel.swift in Sources */,
				764758AE26B7FF9E0022773F /* ContentView.swift in Sources */,
				764758AC26B7FF9E0022773F /* Countdown_macOSApp.swift in Sources */,
				764758BC26B7FFFB0022773F /* September1st.swift in Sources */,
			);
			runOnlyForDeploymentPostprocessing = 0;
		};
/* End PBXSourcesBuildPhase section */

/* Begin XCBuildConfiguration section */
		764758B626B7FF9E0022773F /* Debug */ = {
			isa = XCBuildConfiguration;
			buildSettings = {
				ALWAYS_SEARCH_USER_PATHS = NO;
				CLANG_ANALYZER_NONNULL = YES;
				CLANG_ANALYZER_NUMBER_OBJECT_CONVERSION = YES_AGGRESSIVE;
				CLANG_CXX_LANGUAGE_STANDARD = "gnu++14";
				CLANG_CXX_LIBRARY = "libc++";
				CLANG_ENABLE_MODULES = YES;
				CLANG_ENABLE_OBJC_ARC = YES;
				CLANG_ENABLE_OBJC_WEAK = YES;
				CLANG_WARN_BLOCK_CAPTURE_AUTORELEASING = YES;
				CLANG_WARN_BOOL_CONVERSION = YES;
				CLANG_WARN_COMMA = YES;
				CLANG_WARN_CONSTANT_CONVERSION = YES;
				CLANG_WARN_DEPRECATED_OBJC_IMPLEMENTATIONS = YES;
				CLANG_WARN_DIRECT_OBJC_ISA_USAGE = YES_ERROR;
				CLANG_WARN_DOCUMENTATION_COMMENTS = YES;
				CLANG_WARN_EMPTY_BODY = YES;
				CLANG_WARN_ENUM_CONVERSION = YES;
				CLANG_WARN_INFINITE_RECURSION = YES;
				CLANG_WARN_INT_CONVERSION = YES;
				CLANG_WARN_NON_LITERAL_NULL_CONVERSION = YES;
				CLANG_WARN_OBJC_IMPLICIT_RETAIN_SELF = YES;
				CLANG_WARN_OBJC_LITERAL_CONVERSION = YES;
				CLANG_WARN_OBJC_ROOT_CLASS = YES_ERROR;
				CLANG_WARN_QUOTED_INCLUDE_IN_FRAMEWORK_HEADER = YES;
				CLANG_WARN_RANGE_LOOP_ANALYSIS = YES;
				CLANG_WARN_STRICT_PROTOTYPES = YES;
				CLANG_WARN_SUSPICIOUS_MOVE = YES;
				CLANG_WARN_UNGUARDED_AVAILABILITY = YES_AGGRESSIVE;
				CLANG_WARN_UNREACHABLE_CODE = YES;
				CLANG_WARN__DUPLICATE_METHOD_MATCH = YES;
				COPY_PHASE_STRIP = NO;
				DEBUG_INFORMATION_FORMAT = dwarf;
				ENABLE_STRICT_OBJC_MSGSEND = YES;
				ENABLE_TESTABILITY = YES;
				GCC_C_LANGUAGE_STANDARD = gnu11;
				GCC_DYNAMIC_NO_PIC = NO;
				GCC_NO_COMMON_BLOCKS = YES;
				GCC_OPTIMIZATION_LEVEL = 0;
				GCC_PREPROCESSOR_DEFINITIONS = (
					"DEBUG=1",
					"$(inherited)",
				);
				GCC_WARN_64_TO_32_BIT_CONVERSION = YES;
				GCC_WARN_ABOUT_RETURN_TYPE = YES_ERROR;
				GCC_WARN_UNDECLARED_SELECTOR = YES;
				GCC_WARN_UNINITIALIZED_AUTOS = YES_AGGRESSIVE;
				GCC_WARN_UNUSED_FUNCTION = YES;
				GCC_WARN_UNUSED_VARIABLE = YES;
				MACOSX_DEPLOYMENT_TARGET = 11.3;
				MTL_ENABLE_DEBUG_INFO = INCLUDE_SOURCE;
				MTL_FAST_MATH = YES;
				ONLY_ACTIVE_ARCH = YES;
				SDKROOT = macosx;
				SWIFT_ACTIVE_COMPILATION_CONDITIONS = DEBUG;
				SWIFT_OPTIMIZATION_LEVEL = "-Onone";
			};
			name = Debug;
		};
		764758B726B7FF9E0022773F /* Release */ = {
			isa = XCBuildConfiguration;
			buildSettings = {
				ALWAYS_SEARCH_USER_PATHS = NO;
				CLANG_ANALYZER_NONNULL = YES;
				CLANG_ANALYZER_NUMBER_OBJECT_CONVERSION = YES_AGGRESSIVE;
				CLANG_CXX_LANGUAGE_STANDARD = "gnu++14";
				CLANG_CXX_LIBRARY = "libc++";
				CLANG_ENABLE_MODULES = YES;
				CLANG_ENABLE_OBJC_ARC = YES;
				CLANG_ENABLE_OBJC_WEAK = YES;
				CLANG_WARN_BLOCK_CAPTURE_AUTORELEASING = YES;
				CLANG_WARN_BOOL_CONVERSION = YES;
				CLANG_WARN_COMMA = YES;
				CLANG_WARN_CONSTANT_CONVERSION = YES;
				CLANG_WARN_DEPRECATED_OBJC_IMPLEMENTATIONS = YES;
				CLANG_WARN_DIRECT_OBJC_ISA_USAGE = YES_ERROR;
				CLANG_WARN_DOCUMENTATION_COMMENTS = YES;
				CLANG_WARN_EMPTY_BODY = YES;
				CLANG_WARN_ENUM_CONVERSION = YES;
				CLANG_WARN_INFINITE_RECURSION = YES;
				CLANG_WARN_INT_CONVERSION = YES;
				CLANG_WARN_NON_LITERAL_NULL_CONVERSION = YES;
				CLANG_WARN_OBJC_IMPLICIT_RETAIN_SELF = YES;
				CLANG_WARN_OBJC_LITERAL_CONVERSION = YES;
				CLANG_WARN_OBJC_ROOT_CLASS = YES_ERROR;
				CLANG_WARN_QUOTED_INCLUDE_IN_FRAMEWORK_HEADER = YES;
				CLANG_WARN_RANGE_LOOP_ANALYSIS = YES;
				CLANG_WARN_STRICT_PROTOTYPES = YES;
				CLANG_WARN_SUSPICIOUS_MOVE = YES;
				CLANG_WARN_UNGUARDED_AVAILABILITY = YES_AGGRESSIVE;
				CLANG_WARN_UNREACHABLE_CODE = YES;
				CLANG_WARN__DUPLICATE_METHOD_MATCH = YES;
				COPY_PHASE_STRIP = NO;
				DEBUG_INFORMATION_FORMAT = "dwarf-with-dsym";
				ENABLE_NS_ASSERTIONS = NO;
				ENABLE_STRICT_OBJC_MSGSEND = YES;
				GCC_C_LANGUAGE_STANDARD = gnu11;
				GCC_NO_COMMON_BLOCKS = YES;
				GCC_WARN_64_TO_32_BIT_CONVERSION = YES;
				GCC_WARN_ABOUT_RETURN_TYPE = YES_ERROR;
				GCC_WARN_UNDECLARED_SELECTOR = YES;
				GCC_WARN_UNINITIALIZED_AUTOS = YES_AGGRESSIVE;
				GCC_WARN_UNUSED_FUNCTION = YES;
				GCC_WARN_UNUSED_VARIABLE = YES;
				MACOSX_DEPLOYMENT_TARGET = 11.3;
				MTL_ENABLE_DEBUG_INFO = NO;
				MTL_FAST_MATH = YES;
				SDKROOT = macosx;
				SWIFT_COMPILATION_MODE = wholemodule;
				SWIFT_OPTIMIZATION_LEVEL = "-O";
			};
			name = Release;
		};
		764758B926B7FF9E0022773F /* Debug */ = {
			isa = XCBuildConfiguration;
			buildSettings = {
				ASSETCATALOG_COMPILER_APPICON_NAME = AppIcon;
				ASSETCATALOG_COMPILER_GLOBAL_ACCENT_COLOR_NAME = AccentColor;
				CODE_SIGN_ENTITLEMENTS = "Countdown-macOS/Countdown_macOS.entitlements";
				CODE_SIGN_STYLE = Automatic;
				COMBINE_HIDPI_IMAGES = YES;
				DEVELOPMENT_ASSET_PATHS = "\"Countdown-macOS/Preview Content\"";
				DEVELOPMENT_TEAM = 666VXET5X8;
				ENABLE_HARDENED_RUNTIME = YES;
				ENABLE_PREVIEWS = YES;
				INFOPLIST_FILE = "Countdown-macOS/Info.plist";
				LD_RUNPATH_SEARCH_PATHS = (
					"$(inherited)",
					"@executable_path/../Frameworks",
				);
				MACOSX_DEPLOYMENT_TARGET = 11.0;
				PRODUCT_BUNDLE_IDENTIFIER = "network.bowen.Countdown-macOS";
				PRODUCT_NAME = "$(TARGET_NAME)";
				SWIFT_VERSION = 5.0;
			};
			name = Debug;
		};
		764758BA26B7FF9E0022773F /* Release */ = {
			isa = XCBuildConfiguration;
			buildSettings = {
				ASSETCATALOG_COMPILER_APPICON_NAME = AppIcon;
				ASSETCATALOG_COMPILER_GLOBAL_ACCENT_COLOR_NAME = AccentColor;
				CODE_SIGN_ENTITLEMENTS = "Countdown-macOS/Countdown_macOS.entitlements";
				CODE_SIGN_STYLE = Automatic;
				COMBINE_HIDPI_IMAGES = YES;
				DEVELOPMENT_ASSET_PATHS = "\"Countdown-macOS/Preview Content\"";
				DEVELOPMENT_TEAM = 666VXET5X8;
				ENABLE_HARDENED_RUNTIME = YES;
				ENABLE_PREVIEWS = YES;
				INFOPLIST_FILE = "Countdown-macOS/Info.plist";
				LD_RUNPATH_SEARCH_PATHS = (
					"$(inherited)",
					"@executable_path/../Frameworks",
				);
				MACOSX_DEPLOYMENT_TARGET = 11.0;
				PRODUCT_BUNDLE_IDENTIFIER = "network.bowen.Countdown-macOS";
				PRODUCT_NAME = "$(TARGET_NAME)";
				SWIFT_VERSION = 5.0;
			};
			name = Release;
		};
/* End XCBuildConfiguration section */

/* Begin XCConfigurationList section */
		764758A326B7FF9E0022773F /* Build configuration list for PBXProject "Countdown-macOS" */ = {
			isa = XCConfigurationList;
			buildConfigurations = (
				764758B626B7FF9E0022773F /* Debug */,
				764758B726B7FF9E0022773F /* Release */,
			);
			defaultConfigurationIsVisible = 0;
			defaultConfigurationName = Release;
		};
		764758B826B7FF9E0022773F /* Build configuration list for PBXNativeTarget "Countdown-macOS" */ = {
			isa = XCConfigurationList;
			buildConfigurations = (
				764758B926B7FF9E0022773F /* Debug */,
				764758BA26B7FF9E0022773F /* Release */,
			);
			defaultConfigurationIsVisible = 0;
			defaultConfigurationName = Release;
		};
/* End XCConfigurationList section */
	};
	rootObject = 764758A026B7FF9E0022773F /* Project object */;
}
